Microsoft Visual Studio Solution File, Format Version 11.00
# Visual Studio 2008

Project("{8BF29D95-15CD-1D83-6652-63CEF28917DB}") = "pidgeyFlap", "Assembly-CSharp-firstpass.csproj", "{084AF3A7-F394-0544-BFB8-FE641C20A714}"
EndProject
Project("{8BF29D95-15CD-1D83-6652-63CEF28917DB}") = "pidgeyFlap", "Assembly-CSharp.csproj", "{EBCAB06E-70CF-2009-5901-292361CD11B9}"
EndProject
Project("{8BF29D95-15CD-1D83-6652-63CEF28917DB}") = "pidgeyFlap", "Assembly-UnityScript-firstpass.unityproj", "{7131CA8A-C568-FD75-0EAB-159240B82F8F}"
EndProject
Global
	GlobalSection(SolutionConfigurationPlatforms) = preSolution
		Debug|Any CPU = Debug|Any CPU
		Release|Any CPU = Release|Any CPU
	EndGlobalSection
	GlobalSection(ProjectConfigurationPlatforms) = postSolution
		{084AF3A7-F394-0544-BFB8-FE641C20A714}.Debug|Any CPU.ActiveCfg = Debug|Any CPU
		{084AF3A7-F394-0544-BFB8-FE641C20A714}.Debug|Any CPU.Build.0 = Debug|Any CPU
		{084AF3A7-F394-0544-BFB8-FE641C20A714}.Release|Any CPU.ActiveCfg = Release|Any CPU
		{084AF3A7-F394-0544-BFB8-FE641C20A714}.Release|Any CPU.Build.0 = Release|Any CPU
		{EBCAB06E-70CF-2009-5901-292361CD11B9}.Debug|Any CPU.ActiveCfg = Debug|Any CPU
		{EBCAB06E-70CF-2009-5901-292361CD11B9}.Debug|Any CPU.Build.0 = Debug|Any CPU
		{EBCAB06E-70CF-2009-5901-292361CD11B9}.Release|Any CPU.ActiveCfg = Release|Any CPU
		{EBCAB06E-70CF-2009-5901-292361CD11B9}.Release|Any CPU.Build.0 = Release|Any CPU
		{7131CA8A-C568-FD75-0EAB-159240B82F8F}.Debug|Any CPU.ActiveCfg = Debug|Any CPU
		{7131CA8A-C568-FD75-0EAB-159240B82F8F}.Debug|Any CPU.Build.0 = Debug|Any CPU
		{7131CA8A-C568-FD75-0EAB-159240B82F8F}.Release|Any CPU.ActiveCfg = Release|Any CPU
		{7131CA8A-C568-FD75-0EAB-159240B82F8F}.Release|Any CPU.Build.0 = Release|Any CPU
	EndGlobalSection
	GlobalSection(SolutionProperties) = preSolution
		HideSolutionNode = FALSE
	EndGlobalSection
															GlobalSection(MonoDevelopProperties) = preSolution
		StartupItem = Assembly-CSharp.csproj
		Policies = $0
		$0.TextStylePolicy = $1
		$1.inheritsSet = null
		$1.scope = text/x-csharp
		$0.CSharpFormattingPolicy = $2
		$2.inheritsSet = Mono
		$2.inheritsScope = text/x-csharp
		$2.scope = text/x-csharp
		$0.TextStylePolicy = $3
		$3.FileWidth = 120
		$3.TabWidth = 4
		$3.EolMarker = Unix
		$3.inheritsSet = Mono
		$3.inheritsScope = text/plain
		$3.scope = text/plain
	EndGlobalSection

EndGlobal
